// !$*UTF8*$!
{
	archiveVersion = 1;
	classes = {
	};
	objectVersion = 51;
	objects = {

/* Begin PBXBuildFile section */
		0D370B9AADB5DBFCF712A2DC /* Pods_SportiveTests.framework in Frameworks */ = {isa = PBXBuildFile; fileRef = 5F68BBA26C1AC35C5A381873 /* Pods_SportiveTests.framework */; };
		184EB5D226070D7200D6AEF2 /* LeagueDetailsVC.swift in Sources */ = {isa = PBXBuildFile; fileRef = 184EB5D126070D7200D6AEF2 /* LeagueDetailsVC.swift */; };
		18D82C252608C90600382581 /* LiveScoreCell.swift in Sources */ = {isa = PBXBuildFile; fileRef = 18D82C242608C90600382581 /* LiveScoreCell.swift */; };
		9000A54326066D8400375611 /* SportCell.swift in Sources */ = {isa = PBXBuildFile; fileRef = 9000A54226066D8400375611 /* SportCell.swift */; };
		9000A548260691E000375611 /* TeamsInLeagueCell.swift in Sources */ = {isa = PBXBuildFile; fileRef = 9000A547260691DF00375611 /* TeamsInLeagueCell.swift */; };
		9000A55B2606996000375611 /* LeagueVerticalCell.swift in Sources */ = {isa = PBXBuildFile; fileRef = 9000A55A2606996000375611 /* LeagueVerticalCell.swift */; };
		9033BD112610907E0083BB71 /* LatestMatchesCell.swift in Sources */ = {isa = PBXBuildFile; fileRef = 9033BD102610907E0083BB71 /* LatestMatchesCell.swift */; };
		9033BD16261090900083BB71 /* UpcomingMatchesCell.swift in Sources */ = {isa = PBXBuildFile; fileRef = 9033BD15261090900083BB71 /* UpcomingMatchesCell.swift */; };
		90340FB4260A768E00E6E5CF /* LeguesViewsModel.swift in Sources */ = {isa = PBXBuildFile; fileRef = 90340FB3260A768D00E6E5CF /* LeguesViewsModel.swift */; };
		903EBE0A261098B3000EA84A /* LatestMatchesVC.swift in Sources */ = {isa = PBXBuildFile; fileRef = 903EBE09261098B3000EA84A /* LatestMatchesVC.swift */; };
		903EBE0F261098F4000EA84A /* UpcomingMatchesVC.swift in Sources */ = {isa = PBXBuildFile; fileRef = 903EBE0E261098F4000EA84A /* UpcomingMatchesVC.swift */; };
		90432616260F8C3900EF687D /* LoginVC.swift in Sources */ = {isa = PBXBuildFile; fileRef = 90432615260F8C3300EF687D /* LoginVC.swift */; };
		90432626260F90ED00EF687D /* Extensions.swift in Sources */ = {isa = PBXBuildFile; fileRef = 90432625260F90ED00EF687D /* Extensions.swift */; };
		904533DD2605308C00E62749 /* AppDelegate.swift in Sources */ = {isa = PBXBuildFile; fileRef = 904533DC2605308C00E62749 /* AppDelegate.swift */; };
		904533DF2605308C00E62749 /* SceneDelegate.swift in Sources */ = {isa = PBXBuildFile; fileRef = 904533DE2605308C00E62749 /* SceneDelegate.swift */; };
		904533E42605308C00E62749 /* Main.storyboard in Resources */ = {isa = PBXBuildFile; fileRef = 904533E22605308C00E62749 /* Main.storyboard */; };
		904533E72605308C00E62749 /* Sportive.xcdatamodeld in Sources */ = {isa = PBXBuildFile; fileRef = 904533E52605308C00E62749 /* Sportive.xcdatamodeld */; };
		904533E92605308D00E62749 /* Assets.xcassets in Resources */ = {isa = PBXBuildFile; fileRef = 904533E82605308D00E62749 /* Assets.xcassets */; };
		904533EC2605308D00E62749 /* LaunchScreen.storyboard in Resources */ = {isa = PBXBuildFile; fileRef = 904533EA2605308D00E62749 /* LaunchScreen.storyboard */; };
		904533F72605308E00E62749 /* SportiveTests.swift in Sources */ = {isa = PBXBuildFile; fileRef = 904533F62605308E00E62749 /* SportiveTests.swift */; };
		904534022605308E00E62749 /* SportiveUITests.swift in Sources */ = {isa = PBXBuildFile; fileRef = 904534012605308E00E62749 /* SportiveUITests.swift */; };
		904534182605318E00E62749 /* SportsListVC.swift in Sources */ = {isa = PBXBuildFile; fileRef = 904534172605318E00E62749 /* SportsListVC.swift */; };
		9045341D260531E700E62749 /* FavouriteLeaguesVC.swift in Sources */ = {isa = PBXBuildFile; fileRef = 9045341C260531E700E62749 /* FavouriteLeaguesVC.swift */; };
		904534252605324A00E62749 /* LeaguesListVC.swift in Sources */ = {isa = PBXBuildFile; fileRef = 904534242605324A00E62749 /* LeaguesListVC.swift */; };
		9045342F260532E200E62749 /* TeamDetailsVC.swift in Sources */ = {isa = PBXBuildFile; fileRef = 9045342E260532E200E62749 /* TeamDetailsVC.swift */; };
		9045343426053FCF00E62749 /* Sport.swift in Sources */ = {isa = PBXBuildFile; fileRef = 9045343326053FCF00E62749 /* Sport.swift */; };
		9045343926053FDA00E62749 /* League.swift in Sources */ = {isa = PBXBuildFile; fileRef = 9045343826053FDA00E62749 /* League.swift */; };
		904534432605401400E62749 /* Team.swift in Sources */ = {isa = PBXBuildFile; fileRef = 904534422605401400E62749 /* Team.swift */; };
		9054EA302613641C00982189 /* UnReachbaleVC.swift in Sources */ = {isa = PBXBuildFile; fileRef = 9054EA2F2613641C00982189 /* UnReachbaleVC.swift */; };
		9054EA35261368D100982189 /* ReachabilityObserverDelegate.swift in Sources */ = {isa = PBXBuildFile; fileRef = 9054EA34261368D100982189 /* ReachabilityObserverDelegate.swift */; };
		905792C726132DF000BAC0A2 /* SportsListVCTests.swift in Sources */ = {isa = PBXBuildFile; fileRef = 905792C626132DF000BAC0A2 /* SportsListVCTests.swift */; };
		905792CC26134B8E00BAC0A2 /* SportsListStub.json in Resources */ = {isa = PBXBuildFile; fileRef = 905792CB26134B8E00BAC0A2 /* SportsListStub.json */; };
		90CBFA7C260A24F600DFE6FE /* SportsViewsModel.swift in Sources */ = {isa = PBXBuildFile; fileRef = 90CBFA7B260A24F600DFE6FE /* SportsViewsModel.swift */; };
		90CBFA82260A256400DFE6FE /* ApiClient.swift in Sources */ = {isa = PBXBuildFile; fileRef = 90CBFA81260A256400DFE6FE /* ApiClient.swift */; };
		90E45355260DE72700525C8D /* MatchesViewModel.swift in Sources */ = {isa = PBXBuildFile; fileRef = 90E45354260DE72700525C8D /* MatchesViewModel.swift */; };
		90E4535A260DE75500525C8D /* Match.swift in Sources */ = {isa = PBXBuildFile; fileRef = 90E45359260DE75500525C8D /* Match.swift */; };
		90F14012260B851C002EF852 /* TeamsViewsModel.swift in Sources */ = {isa = PBXBuildFile; fileRef = 90F14011260B851C002EF852 /* TeamsViewsModel.swift */; };
		93915030801A1F7AF6579BC4 /* Pods_Sportive_SportiveUITests.framework in Frameworks */ = {isa = PBXBuildFile; fileRef = C9D2D18F2A90C696BFDCB437 /* Pods_Sportive_SportiveUITests.framework */; };
		DF151095BC0A12A37F23F546 /* Pods_Sportive.framework in Frameworks */ = {isa = PBXBuildFile; fileRef = 2BC3D174756C970BE432B723 /* Pods_Sportive.framework */; };
/* End PBXBuildFile section */

/* Begin PBXContainerItemProxy section */
		904533F32605308E00E62749 /* PBXContainerItemProxy */ = {
			isa = PBXContainerItemProxy;
			containerPortal = 904533D12605308C00E62749 /* Project object */;
			proxyType = 1;
			remoteGlobalIDString = 904533D82605308C00E62749;
			remoteInfo = Sportive;
		};
		904533FE2605308E00E62749 /* PBXContainerItemProxy */ = {
			isa = PBXContainerItemProxy;
			containerPortal = 904533D12605308C00E62749 /* Project object */;
			proxyType = 1;
			remoteGlobalIDString = 904533D82605308C00E62749;
			remoteInfo = Sportive;
		};
/* End PBXContainerItemProxy section */

/* Begin PBXFileReference section */
		184EB5D126070D7200D6AEF2 /* LeagueDetailsVC.swift */ = {isa = PBXFileReference; lastKnownFileType = sourcecode.swift; path = LeagueDetailsVC.swift; sourceTree = "<group>"; };
		18D82C242608C90600382581 /* LiveScoreCell.swift */ = {isa = PBXFileReference; lastKnownFileType = sourcecode.swift; path = LiveScoreCell.swift; sourceTree = "<group>"; };
		2BC3D174756C970BE432B723 /* Pods_Sportive.framework */ = {isa = PBXFileReference; explicitFileType = wrapper.framework; includeInIndex = 0; path = Pods_Sportive.framework; sourceTree = BUILT_PRODUCTS_DIR; };
		5F68BBA26C1AC35C5A381873 /* Pods_SportiveTests.framework */ = {isa = PBXFileReference; explicitFileType = wrapper.framework; includeInIndex = 0; path = Pods_SportiveTests.framework; sourceTree = BUILT_PRODUCTS_DIR; };
		781058EA3BB3AC0861ADC210 /* Pods-SportiveTests.release.xcconfig */ = {isa = PBXFileReference; includeInIndex = 1; lastKnownFileType = text.xcconfig; name = "Pods-SportiveTests.release.xcconfig"; path = "Target Support Files/Pods-SportiveTests/Pods-SportiveTests.release.xcconfig"; sourceTree = "<group>"; };
		8864B02961DD837F314CD0C2 /* Pods-Sportive.release.xcconfig */ = {isa = PBXFileReference; includeInIndex = 1; lastKnownFileType = text.xcconfig; name = "Pods-Sportive.release.xcconfig"; path = "Target Support Files/Pods-Sportive/Pods-Sportive.release.xcconfig"; sourceTree = "<group>"; };
		9000A54226066D8400375611 /* SportCell.swift */ = {isa = PBXFileReference; lastKnownFileType = sourcecode.swift; path = SportCell.swift; sourceTree = "<group>"; };
		9000A547260691DF00375611 /* TeamsInLeagueCell.swift */ = {isa = PBXFileReference; lastKnownFileType = sourcecode.swift; path = TeamsInLeagueCell.swift; sourceTree = "<group>"; };
		9000A55A2606996000375611 /* LeagueVerticalCell.swift */ = {isa = PBXFileReference; lastKnownFileType = sourcecode.swift; path = LeagueVerticalCell.swift; sourceTree = "<group>"; };
		9033BD102610907E0083BB71 /* LatestMatchesCell.swift */ = {isa = PBXFileReference; lastKnownFileType = sourcecode.swift; path = LatestMatchesCell.swift; sourceTree = "<group>"; };
		9033BD15261090900083BB71 /* UpcomingMatchesCell.swift */ = {isa = PBXFileReference; lastKnownFileType = sourcecode.swift; path = UpcomingMatchesCell.swift; sourceTree = "<group>"; };
		90340FB3260A768D00E6E5CF /* LeguesViewsModel.swift */ = {isa = PBXFileReference; lastKnownFileType = sourcecode.swift; path = LeguesViewsModel.swift; sourceTree = "<group>"; };
		903EBE09261098B3000EA84A /* LatestMatchesVC.swift */ = {isa = PBXFileReference; lastKnownFileType = sourcecode.swift; path = LatestMatchesVC.swift; sourceTree = "<group>"; };
		903EBE0E261098F4000EA84A /* UpcomingMatchesVC.swift */ = {isa = PBXFileReference; lastKnownFileType = sourcecode.swift; path = UpcomingMatchesVC.swift; sourceTree = "<group>"; };
		90432615260F8C3300EF687D /* LoginVC.swift */ = {isa = PBXFileReference; lastKnownFileType = sourcecode.swift; path = LoginVC.swift; sourceTree = "<group>"; };
		90432625260F90ED00EF687D /* Extensions.swift */ = {isa = PBXFileReference; lastKnownFileType = sourcecode.swift; path = Extensions.swift; sourceTree = "<group>"; };
		904533D92605308C00E62749 /* Sportive.app */ = {isa = PBXFileReference; explicitFileType = wrapper.application; includeInIndex = 0; path = Sportive.app; sourceTree = BUILT_PRODUCTS_DIR; };
		904533DC2605308C00E62749 /* AppDelegate.swift */ = {isa = PBXFileReference; lastKnownFileType = sourcecode.swift; path = AppDelegate.swift; sourceTree = "<group>"; };
		904533DE2605308C00E62749 /* SceneDelegate.swift */ = {isa = PBXFileReference; lastKnownFileType = sourcecode.swift; path = SceneDelegate.swift; sourceTree = "<group>"; };
		904533E32605308C00E62749 /* Base */ = {isa = PBXFileReference; lastKnownFileType = file.storyboard; name = Base; path = Base.lproj/Main.storyboard; sourceTree = "<group>"; };
		904533E62605308C00E62749 /* Sportive.xcdatamodel */ = {isa = PBXFileReference; lastKnownFileType = wrapper.xcdatamodel; path = Sportive.xcdatamodel; sourceTree = "<group>"; };
		904533E82605308D00E62749 /* Assets.xcassets */ = {isa = PBXFileReference; lastKnownFileType = folder.assetcatalog; path = Assets.xcassets; sourceTree = "<group>"; };
		904533EB2605308D00E62749 /* Base */ = {isa = PBXFileReference; lastKnownFileType = file.storyboard; name = Base; path = Base.lproj/LaunchScreen.storyboard; sourceTree = "<group>"; };
		904533ED2605308D00E62749 /* Info.plist */ = {isa = PBXFileReference; lastKnownFileType = text.plist.xml; path = Info.plist; sourceTree = "<group>"; };
		904533F22605308E00E62749 /* SportiveTests.xctest */ = {isa = PBXFileReference; explicitFileType = wrapper.cfbundle; includeInIndex = 0; path = SportiveTests.xctest; sourceTree = BUILT_PRODUCTS_DIR; };
		904533F62605308E00E62749 /* SportiveTests.swift */ = {isa = PBXFileReference; lastKnownFileType = sourcecode.swift; path = SportiveTests.swift; sourceTree = "<group>"; };
		904533F82605308E00E62749 /* Info.plist */ = {isa = PBXFileReference; lastKnownFileType = text.plist.xml; path = Info.plist; sourceTree = "<group>"; };
		904533FD2605308E00E62749 /* SportiveUITests.xctest */ = {isa = PBXFileReference; explicitFileType = wrapper.cfbundle; includeInIndex = 0; path = SportiveUITests.xctest; sourceTree = BUILT_PRODUCTS_DIR; };
		904534012605308E00E62749 /* SportiveUITests.swift */ = {isa = PBXFileReference; lastKnownFileType = sourcecode.swift; path = SportiveUITests.swift; sourceTree = "<group>"; };
		904534032605308E00E62749 /* Info.plist */ = {isa = PBXFileReference; lastKnownFileType = text.plist.xml; path = Info.plist; sourceTree = "<group>"; };
		904534172605318E00E62749 /* SportsListVC.swift */ = {isa = PBXFileReference; lastKnownFileType = sourcecode.swift; path = SportsListVC.swift; sourceTree = "<group>"; };
		9045341C260531E700E62749 /* FavouriteLeaguesVC.swift */ = {isa = PBXFileReference; lastKnownFileType = sourcecode.swift; path = FavouriteLeaguesVC.swift; sourceTree = "<group>"; };
		904534242605324A00E62749 /* LeaguesListVC.swift */ = {isa = PBXFileReference; lastKnownFileType = sourcecode.swift; path = LeaguesListVC.swift; sourceTree = "<group>"; };
		9045342E260532E200E62749 /* TeamDetailsVC.swift */ = {isa = PBXFileReference; lastKnownFileType = sourcecode.swift; path = TeamDetailsVC.swift; sourceTree = "<group>"; };
		9045343326053FCF00E62749 /* Sport.swift */ = {isa = PBXFileReference; lastKnownFileType = sourcecode.swift; path = Sport.swift; sourceTree = "<group>"; };
		9045343826053FDA00E62749 /* League.swift */ = {isa = PBXFileReference; lastKnownFileType = sourcecode.swift; path = League.swift; sourceTree = "<group>"; };
		904534422605401400E62749 /* Team.swift */ = {isa = PBXFileReference; lastKnownFileType = sourcecode.swift; path = Team.swift; sourceTree = "<group>"; };
		9054EA2F2613641C00982189 /* UnReachbaleVC.swift */ = {isa = PBXFileReference; lastKnownFileType = sourcecode.swift; path = UnReachbaleVC.swift; sourceTree = "<group>"; };
		9054EA34261368D100982189 /* ReachabilityObserverDelegate.swift */ = {isa = PBXFileReference; lastKnownFileType = sourcecode.swift; path = ReachabilityObserverDelegate.swift; sourceTree = "<group>"; };
		905792C626132DF000BAC0A2 /* SportsListVCTests.swift */ = {isa = PBXFileReference; lastKnownFileType = sourcecode.swift; path = SportsListVCTests.swift; sourceTree = "<group>"; };
		905792CB26134B8E00BAC0A2 /* SportsListStub.json */ = {isa = PBXFileReference; lastKnownFileType = text.json; path = SportsListStub.json; sourceTree = "<group>"; };
		90CBFA7B260A24F600DFE6FE /* SportsViewsModel.swift */ = {isa = PBXFileReference; lastKnownFileType = sourcecode.swift; path = SportsViewsModel.swift; sourceTree = "<group>"; };
		90CBFA81260A256400DFE6FE /* ApiClient.swift */ = {isa = PBXFileReference; lastKnownFileType = sourcecode.swift; path = ApiClient.swift; sourceTree = "<group>"; };
		90E45354260DE72700525C8D /* MatchesViewModel.swift */ = {isa = PBXFileReference; lastKnownFileType = sourcecode.swift; path = MatchesViewModel.swift; sourceTree = "<group>"; };
		90E45359260DE75500525C8D /* Match.swift */ = {isa = PBXFileReference; lastKnownFileType = sourcecode.swift; path = Match.swift; sourceTree = "<group>"; };
		90F14011260B851C002EF852 /* TeamsViewsModel.swift */ = {isa = PBXFileReference; lastKnownFileType = sourcecode.swift; path = TeamsViewsModel.swift; sourceTree = "<group>"; };
		9281648FF2A3338755AC71EE /* Pods-SportiveTests.debug.xcconfig */ = {isa = PBXFileReference; includeInIndex = 1; lastKnownFileType = text.xcconfig; name = "Pods-SportiveTests.debug.xcconfig"; path = "Target Support Files/Pods-SportiveTests/Pods-SportiveTests.debug.xcconfig"; sourceTree = "<group>"; };
		BAF748C330C8052C24611E59 /* Pods-Sportive.debug.xcconfig */ = {isa = PBXFileReference; includeInIndex = 1; lastKnownFileType = text.xcconfig; name = "Pods-Sportive.debug.xcconfig"; path = "Target Support Files/Pods-Sportive/Pods-Sportive.debug.xcconfig"; sourceTree = "<group>"; };
		C9D2D18F2A90C696BFDCB437 /* Pods_Sportive_SportiveUITests.framework */ = {isa = PBXFileReference; explicitFileType = wrapper.framework; includeInIndex = 0; path = Pods_Sportive_SportiveUITests.framework; sourceTree = BUILT_PRODUCTS_DIR; };
		D3216B87973BF592EDF79E16 /* Pods-Sportive-SportiveUITests.debug.xcconfig */ = {isa = PBXFileReference; includeInIndex = 1; lastKnownFileType = text.xcconfig; name = "Pods-Sportive-SportiveUITests.debug.xcconfig"; path = "Target Support Files/Pods-Sportive-SportiveUITests/Pods-Sportive-SportiveUITests.debug.xcconfig"; sourceTree = "<group>"; };
		F00D1278261312925B88210E /* Pods-Sportive-SportiveUITests.release.xcconfig */ = {isa = PBXFileReference; includeInIndex = 1; lastKnownFileType = text.xcconfig; name = "Pods-Sportive-SportiveUITests.release.xcconfig"; path = "Target Support Files/Pods-Sportive-SportiveUITests/Pods-Sportive-SportiveUITests.release.xcconfig"; sourceTree = "<group>"; };
/* End PBXFileReference section */

/* Begin PBXFrameworksBuildPhase section */
		904533D62605308C00E62749 /* Frameworks */ = {
			isa = PBXFrameworksBuildPhase;
			buildActionMask = 2147483647;
			files = (
				DF151095BC0A12A37F23F546 /* Pods_Sportive.framework in Frameworks */,
			);
			runOnlyForDeploymentPostprocessing = 0;
		};
		904533EF2605308E00E62749 /* Frameworks */ = {
			isa = PBXFrameworksBuildPhase;
			buildActionMask = 2147483647;
			files = (
				0D370B9AADB5DBFCF712A2DC /* Pods_SportiveTests.framework in Frameworks */,
			);
			runOnlyForDeploymentPostprocessing = 0;
		};
		904533FA2605308E00E62749 /* Frameworks */ = {
			isa = PBXFrameworksBuildPhase;
			buildActionMask = 2147483647;
			files = (
				93915030801A1F7AF6579BC4 /* Pods_Sportive_SportiveUITests.framework in Frameworks */,
			);
			runOnlyForDeploymentPostprocessing = 0;
		};
/* End PBXFrameworksBuildPhase section */

/* Begin PBXGroup section */
		7EFECA8027D0FF7E2BC96841 /* Pods */ = {
			isa = PBXGroup;
			children = (
				BAF748C330C8052C24611E59 /* Pods-Sportive.debug.xcconfig */,
				8864B02961DD837F314CD0C2 /* Pods-Sportive.release.xcconfig */,
				D3216B87973BF592EDF79E16 /* Pods-Sportive-SportiveUITests.debug.xcconfig */,
				F00D1278261312925B88210E /* Pods-Sportive-SportiveUITests.release.xcconfig */,
				9281648FF2A3338755AC71EE /* Pods-SportiveTests.debug.xcconfig */,
				781058EA3BB3AC0861ADC210 /* Pods-SportiveTests.release.xcconfig */,
			);
			path = Pods;
			sourceTree = "<group>";
		};
		904533D02605308C00E62749 = {
			isa = PBXGroup;
			children = (
				904533DB2605308C00E62749 /* Sportive */,
				904533F52605308E00E62749 /* SportiveTests */,
				904534002605308E00E62749 /* SportiveUITests */,
				904533DA2605308C00E62749 /* Products */,
				7EFECA8027D0FF7E2BC96841 /* Pods */,
				E5D04019BCA7E1FC5FA077BA /* Frameworks */,
			);
			sourceTree = "<group>";
		};
		904533DA2605308C00E62749 /* Products */ = {
			isa = PBXGroup;
			children = (
				904533D92605308C00E62749 /* Sportive.app */,
				904533F22605308E00E62749 /* SportiveTests.xctest */,
				904533FD2605308E00E62749 /* SportiveUITests.xctest */,
			);
			name = Products;
			sourceTree = "<group>";
		};
		904533DB2605308C00E62749 /* Sportive */ = {
			isa = PBXGroup;
			children = (
				90CBFA77260A247800DFE6FE /* ViewModels */,
				90CBFA76260A244C00DFE6FE /* Views */,
				904534162605313600E62749 /* Resources */,
				90453412260530E300E62749 /* Models */,
				904533ED2605308D00E62749 /* Info.plist */,
				904533E52605308C00E62749 /* Sportive.xcdatamodeld */,
			);
			path = Sportive;
			sourceTree = "<group>";
		};
		904533F52605308E00E62749 /* SportiveTests */ = {
			isa = PBXGroup;
			children = (
				904533F62605308E00E62749 /* SportiveTests.swift */,
				904533F82605308E00E62749 /* Info.plist */,
				905792C626132DF000BAC0A2 /* SportsListVCTests.swift */,
			);
			path = SportiveTests;
			sourceTree = "<group>";
		};
		904534002605308E00E62749 /* SportiveUITests */ = {
			isa = PBXGroup;
			children = (
				904534012605308E00E62749 /* SportiveUITests.swift */,
				904534032605308E00E62749 /* Info.plist */,
			);
			path = SportiveUITests;
			sourceTree = "<group>";
		};
		90453412260530E300E62749 /* Models */ = {
			isa = PBXGroup;
			children = (
				9045343326053FCF00E62749 /* Sport.swift */,
				9045343826053FDA00E62749 /* League.swift */,
				904534422605401400E62749 /* Team.swift */,
				90E45359260DE75500525C8D /* Match.swift */,
			);
			path = Models;
			sourceTree = "<group>";
		};
		904534152605311300E62749 /* StoryBoards */ = {
			isa = PBXGroup;
			children = (
				904533E22605308C00E62749 /* Main.storyboard */,
				904533EA2605308D00E62749 /* LaunchScreen.storyboard */,
			);
			path = StoryBoards;
			sourceTree = "<group>";
		};
		904534162605313600E62749 /* Resources */ = {
			isa = PBXGroup;
			children = (
				90CBFA80260A255400DFE6FE /* Api */,
				904533E82605308D00E62749 /* Assets.xcassets */,
				904533DE2605308C00E62749 /* SceneDelegate.swift */,
				904533DC2605308C00E62749 /* AppDelegate.swift */,
				90432625260F90ED00EF687D /* Extensions.swift */,
				905792CB26134B8E00BAC0A2 /* SportsListStub.json */,
				9054EA34261368D100982189 /* ReachabilityObserverDelegate.swift */,
			);
			path = Resources;
			sourceTree = "<group>";
		};
		90CBFA74260A23E500DFE6FE /* TableCells */ = {
			isa = PBXGroup;
			children = (
				18D82C242608C90600382581 /* LiveScoreCell.swift */,
				9000A55A2606996000375611 /* LeagueVerticalCell.swift */,
			);
			path = TableCells;
			sourceTree = "<group>";
		};
		90CBFA75260A23F600DFE6FE /* CollectionCells */ = {
			isa = PBXGroup;
			children = (
				9000A54226066D8400375611 /* SportCell.swift */,
				9033BD102610907E0083BB71 /* LatestMatchesCell.swift */,
				9000A547260691DF00375611 /* TeamsInLeagueCell.swift */,
				9033BD15261090900083BB71 /* UpcomingMatchesCell.swift */,
			);
			path = CollectionCells;
			sourceTree = "<group>";
		};
		90CBFA76260A244C00DFE6FE /* Views */ = {
			isa = PBXGroup;
			children = (
				904534152605311300E62749 /* StoryBoards */,
				90CBFA75260A23F600DFE6FE /* CollectionCells */,
				90CBFA74260A23E500DFE6FE /* TableCells */,
				904534172605318E00E62749 /* SportsListVC.swift */,
				904534242605324A00E62749 /* LeaguesListVC.swift */,
				9045341C260531E700E62749 /* FavouriteLeaguesVC.swift */,
				9045342E260532E200E62749 /* TeamDetailsVC.swift */,
				184EB5D126070D7200D6AEF2 /* LeagueDetailsVC.swift */,
				90432615260F8C3300EF687D /* LoginVC.swift */,
				903EBE09261098B3000EA84A /* LatestMatchesVC.swift */,
				903EBE0E261098F4000EA84A /* UpcomingMatchesVC.swift */,
				9054EA2F2613641C00982189 /* UnReachbaleVC.swift */,
			);
			path = Views;
			sourceTree = "<group>";
		};
		90CBFA77260A247800DFE6FE /* ViewModels */ = {
			isa = PBXGroup;
			children = (
				90CBFA7B260A24F600DFE6FE /* SportsViewsModel.swift */,
				90340FB3260A768D00E6E5CF /* LeguesViewsModel.swift */,
				90F14011260B851C002EF852 /* TeamsViewsModel.swift */,
				90E45354260DE72700525C8D /* MatchesViewModel.swift */,
			);
			path = ViewModels;
			sourceTree = "<group>";
		};
		90CBFA80260A255400DFE6FE /* Api */ = {
			isa = PBXGroup;
			children = (
				90CBFA81260A256400DFE6FE /* ApiClient.swift */,
			);
			path = Api;
			sourceTree = "<group>";
		};
		E5D04019BCA7E1FC5FA077BA /* Frameworks */ = {
			isa = PBXGroup;
			children = (
				2BC3D174756C970BE432B723 /* Pods_Sportive.framework */,
				C9D2D18F2A90C696BFDCB437 /* Pods_Sportive_SportiveUITests.framework */,
				5F68BBA26C1AC35C5A381873 /* Pods_SportiveTests.framework */,
			);
			name = Frameworks;
			sourceTree = "<group>";
		};
/* End PBXGroup section */

/* Begin PBXNativeTarget section */
		904533D82605308C00E62749 /* Sportive */ = {
			isa = PBXNativeTarget;
			buildConfigurationList = 904534062605308E00E62749 /* Build configuration list for PBXNativeTarget "Sportive" */;
			buildPhases = (
				C57CDC2632808371CEFFE3AC /* [CP] Check Pods Manifest.lock */,
				904533D52605308C00E62749 /* Sources */,
				904533D62605308C00E62749 /* Frameworks */,
				904533D72605308C00E62749 /* Resources */,
				BBFB73F84F3AE0D6E1A735D3 /* [CP] Embed Pods Frameworks */,
			);
			buildRules = (
			);
			dependencies = (
			);
			name = Sportive;
			productName = Sportive;
			productReference = 904533D92605308C00E62749 /* Sportive.app */;
			productType = "com.apple.product-type.application";
		};
		904533F12605308E00E62749 /* SportiveTests */ = {
			isa = PBXNativeTarget;
			buildConfigurationList = 904534092605308E00E62749 /* Build configuration list for PBXNativeTarget "SportiveTests" */;
			buildPhases = (
				C28EF853F774C28294CC494F /* [CP] Check Pods Manifest.lock */,
				904533EE2605308E00E62749 /* Sources */,
				904533EF2605308E00E62749 /* Frameworks */,
				904533F02605308E00E62749 /* Resources */,
			);
			buildRules = (
			);
			dependencies = (
				904533F42605308E00E62749 /* PBXTargetDependency */,
			);
			name = SportiveTests;
			productName = SportiveTests;
			productReference = 904533F22605308E00E62749 /* SportiveTests.xctest */;
			productType = "com.apple.product-type.bundle.unit-test";
		};
		904533FC2605308E00E62749 /* SportiveUITests */ = {
			isa = PBXNativeTarget;
			buildConfigurationList = 9045340C2605308E00E62749 /* Build configuration list for PBXNativeTarget "SportiveUITests" */;
			buildPhases = (
				C6C41AD971E78B65AE0DD2B2 /* [CP] Check Pods Manifest.lock */,
				904533F92605308E00E62749 /* Sources */,
				904533FA2605308E00E62749 /* Frameworks */,
				904533FB2605308E00E62749 /* Resources */,
				5320E2D4C3F6EE5CF6B01FD7 /* [CP] Embed Pods Frameworks */,
			);
			buildRules = (
			);
			dependencies = (
				904533FF2605308E00E62749 /* PBXTargetDependency */,
			);
			name = SportiveUITests;
			productName = SportiveUITests;
			productReference = 904533FD2605308E00E62749 /* SportiveUITests.xctest */;
			productType = "com.apple.product-type.bundle.ui-testing";
		};
/* End PBXNativeTarget section */

/* Begin PBXProject section */
		904533D12605308C00E62749 /* Project object */ = {
			isa = PBXProject;
			attributes = {
				LastSwiftUpdateCheck = 1240;
				LastUpgradeCheck = 1240;
				TargetAttributes = {
					904533D82605308C00E62749 = {
						CreatedOnToolsVersion = 12.4;
					};
					904533F12605308E00E62749 = {
						CreatedOnToolsVersion = 12.4;
						TestTargetID = 904533D82605308C00E62749;
					};
					904533FC2605308E00E62749 = {
						CreatedOnToolsVersion = 12.4;
						TestTargetID = 904533D82605308C00E62749;
					};
				};
			};
			buildConfigurationList = 904533D42605308C00E62749 /* Build configuration list for PBXProject "Sportive" */;
			compatibilityVersion = "Xcode 9.3";
			developmentRegion = en;
			hasScannedForEncodings = 0;
			knownRegions = (
				en,
				Base,
			);
			mainGroup = 904533D02605308C00E62749;
			productRefGroup = 904533DA2605308C00E62749 /* Products */;
			projectDirPath = "";
			projectRoot = "";
			targets = (
				904533D82605308C00E62749 /* Sportive */,
				904533F12605308E00E62749 /* SportiveTests */,
				904533FC2605308E00E62749 /* SportiveUITests */,
			);
		};
/* End PBXProject section */

/* Begin PBXResourcesBuildPhase section */
		904533D72605308C00E62749 /* Resources */ = {
			isa = PBXResourcesBuildPhase;
			buildActionMask = 2147483647;
			files = (
				905792CC26134B8E00BAC0A2 /* SportsListStub.json in Resources */,
				904533EC2605308D00E62749 /* LaunchScreen.storyboard in Resources */,
				904533E92605308D00E62749 /* Assets.xcassets in Resources */,
				904533E42605308C00E62749 /* Main.storyboard in Resources */,
			);
			runOnlyForDeploymentPostprocessing = 0;
		};
		904533F02605308E00E62749 /* Resources */ = {
			isa = PBXResourcesBuildPhase;
			buildActionMask = 2147483647;
			files = (
			);
			runOnlyForDeploymentPostprocessing = 0;
		};
		904533FB2605308E00E62749 /* Resources */ = {
			isa = PBXResourcesBuildPhase;
			buildActionMask = 2147483647;
			files = (
			);
			runOnlyForDeploymentPostprocessing = 0;
		};
/* End PBXResourcesBuildPhase section */

/* Begin PBXShellScriptBuildPhase section */
		5320E2D4C3F6EE5CF6B01FD7 /* [CP] Embed Pods Frameworks */ = {
			isa = PBXShellScriptBuildPhase;
			buildActionMask = 2147483647;
			files = (
			);
			inputFileListPaths = (
				"${PODS_ROOT}/Target Support Files/Pods-Sportive-SportiveUITests/Pods-Sportive-SportiveUITests-frameworks-${CONFIGURATION}-input-files.xcfilelist",
			);
			name = "[CP] Embed Pods Frameworks";
			outputFileListPaths = (
				"${PODS_ROOT}/Target Support Files/Pods-Sportive-SportiveUITests/Pods-Sportive-SportiveUITests-frameworks-${CONFIGURATION}-output-files.xcfilelist",
			);
			runOnlyForDeploymentPostprocessing = 0;
			shellPath = /bin/sh;
			shellScript = "\"${PODS_ROOT}/Target Support Files/Pods-Sportive-SportiveUITests/Pods-Sportive-SportiveUITests-frameworks.sh\"\n";
			showEnvVarsInLog = 0;
		};
		BBFB73F84F3AE0D6E1A735D3 /* [CP] Embed Pods Frameworks */ = {
			isa = PBXShellScriptBuildPhase;
			buildActionMask = 2147483647;
			files = (
			);
			inputFileListPaths = (
				"${PODS_ROOT}/Target Support Files/Pods-Sportive/Pods-Sportive-frameworks-${CONFIGURATION}-input-files.xcfilelist",
			);
			name = "[CP] Embed Pods Frameworks";
			outputFileListPaths = (
				"${PODS_ROOT}/Target Support Files/Pods-Sportive/Pods-Sportive-frameworks-${CONFIGURATION}-output-files.xcfilelist",
			);
			runOnlyForDeploymentPostprocessing = 0;
			shellPath = /bin/sh;
			shellScript = "\"${PODS_ROOT}/Target Support Files/Pods-Sportive/Pods-Sportive-frameworks.sh\"\n";
			showEnvVarsInLog = 0;
		};
		C28EF853F774C28294CC494F /* [CP] Check Pods Manifest.lock */ = {
			isa = PBXShellScriptBuildPhase;
			buildActionMask = 2147483647;
			files = (
			);
			inputFileListPaths = (
			);
			inputPaths = (
				"${PODS_PODFILE_DIR_PATH}/Podfile.lock",
				"${PODS_ROOT}/Manifest.lock",
			);
			name = "[CP] Check Pods Manifest.lock";
			outputFileListPaths = (
			);
			outputPaths = (
				"$(DERIVED_FILE_DIR)/Pods-SportiveTests-checkManifestLockResult.txt",
			);
			runOnlyForDeploymentPostprocessing = 0;
			shellPath = /bin/sh;
			shellScript = "diff \"${PODS_PODFILE_DIR_PATH}/Podfile.lock\" \"${PODS_ROOT}/Manifest.lock\" > /dev/null\nif [ $? != 0 ] ; then\n    # print error to STDERR\n    echo \"error: The sandbox is not in sync with the Podfile.lock. Run 'pod install' or update your CocoaPods installation.\" >&2\n    exit 1\nfi\n# This output is used by Xcode 'outputs' to avoid re-running this script phase.\necho \"SUCCESS\" > \"${SCRIPT_OUTPUT_FILE_0}\"\n";
			showEnvVarsInLog = 0;
		};
		C57CDC2632808371CEFFE3AC /* [CP] Check Pods Manifest.lock */ = {
			isa = PBXShellScriptBuildPhase;
			buildActionMask = 2147483647;
			files = (
			);
			inputFileListPaths = (
			);
			inputPaths = (
				"${PODS_PODFILE_DIR_PATH}/Podfile.lock",
				"${PODS_ROOT}/Manifest.lock",
			);
			name = "[CP] Check Pods Manifest.lock";
			outputFileListPaths = (
			);
			outputPaths = (
				"$(DERIVED_FILE_DIR)/Pods-Sportive-checkManifestLockResult.txt",
			);
			runOnlyForDeploymentPostprocessing = 0;
			shellPath = /bin/sh;
			shellScript = "diff \"${PODS_PODFILE_DIR_PATH}/Podfile.lock\" \"${PODS_ROOT}/Manifest.lock\" > /dev/null\nif [ $? != 0 ] ; then\n    # print error to STDERR\n    echo \"error: The sandbox is not in sync with the Podfile.lock. Run 'pod install' or update your CocoaPods installation.\" >&2\n    exit 1\nfi\n# This output is used by Xcode 'outputs' to avoid re-running this script phase.\necho \"SUCCESS\" > \"${SCRIPT_OUTPUT_FILE_0}\"\n";
			showEnvVarsInLog = 0;
		};
		C6C41AD971E78B65AE0DD2B2 /* [CP] Check Pods Manifest.lock */ = {
			isa = PBXShellScriptBuildPhase;
			buildActionMask = 2147483647;
			files = (
			);
			inputFileListPaths = (
			);
			inputPaths = (
				"${PODS_PODFILE_DIR_PATH}/Podfile.lock",
				"${PODS_ROOT}/Manifest.lock",
			);
			name = "[CP] Check Pods Manifest.lock";
			outputFileListPaths = (
			);
			outputPaths = (
				"$(DERIVED_FILE_DIR)/Pods-Sportive-SportiveUITests-checkManifestLockResult.txt",
			);
			runOnlyForDeploymentPostprocessing = 0;
			shellPath = /bin/sh;
			shellScript = "diff \"${PODS_PODFILE_DIR_PATH}/Podfile.lock\" \"${PODS_ROOT}/Manifest.lock\" > /dev/null\nif [ $? != 0 ] ; then\n    # print error to STDERR\n    echo \"error: The sandbox is not in sync with the Podfile.lock. Run 'pod install' or update your CocoaPods installation.\" >&2\n    exit 1\nfi\n# This output is used by Xcode 'outputs' to avoid re-running this script phase.\necho \"SUCCESS\" > \"${SCRIPT_OUTPUT_FILE_0}\"\n";
			showEnvVarsInLog = 0;
		};
/* End PBXShellScriptBuildPhase section */

/* Begin PBXSourcesBuildPhase section */
		904533D52605308C00E62749 /* Sources */ = {
			isa = PBXSourcesBuildPhase;
			buildActionMask = 2147483647;
			files = (
				90432626260F90ED00EF687D /* Extensions.swift in Sources */,
				90432616260F8C3900EF687D /* LoginVC.swift in Sources */,
				184EB5D226070D7200D6AEF2 /* LeagueDetailsVC.swift in Sources */,
				9000A548260691E000375611 /* TeamsInLeagueCell.swift in Sources */,
				18D82C252608C90600382581 /* LiveScoreCell.swift in Sources */,
				904534432605401400E62749 /* Team.swift in Sources */,
				9000A54326066D8400375611 /* SportCell.swift in Sources */,
				9033BD16261090900083BB71 /* UpcomingMatchesCell.swift in Sources */,
				90340FB4260A768E00E6E5CF /* LeguesViewsModel.swift in Sources */,
				904534182605318E00E62749 /* SportsListVC.swift in Sources */,
				9045343426053FCF00E62749 /* Sport.swift in Sources */,
				90E4535A260DE75500525C8D /* Match.swift in Sources */,
				903EBE0F261098F4000EA84A /* UpcomingMatchesVC.swift in Sources */,
				9054EA35261368D100982189 /* ReachabilityObserverDelegate.swift in Sources */,
				904533E72605308C00E62749 /* Sportive.xcdatamodeld in Sources */,
				9033BD112610907E0083BB71 /* LatestMatchesCell.swift in Sources */,
				90F14012260B851C002EF852 /* TeamsViewsModel.swift in Sources */,
				904533DD2605308C00E62749 /* AppDelegate.swift in Sources */,
				9045342F260532E200E62749 /* TeamDetailsVC.swift in Sources */,
				90CBFA82260A256400DFE6FE /* ApiClient.swift in Sources */,
				90CBFA7C260A24F600DFE6FE /* SportsViewsModel.swift in Sources */,
				9054EA302613641C00982189 /* UnReachbaleVC.swift in Sources */,
				904534252605324A00E62749 /* LeaguesListVC.swift in Sources */,
				904533DF2605308C00E62749 /* SceneDelegate.swift in Sources */,
				9045343926053FDA00E62749 /* League.swift in Sources */,
				9000A55B2606996000375611 /* LeagueVerticalCell.swift in Sources */,
				903EBE0A261098B3000EA84A /* LatestMatchesVC.swift in Sources */,
				9045341D260531E700E62749 /* FavouriteLeaguesVC.swift in Sources */,
				90E45355260DE72700525C8D /* MatchesViewModel.swift in Sources */,
			);
			runOnlyForDeploymentPostprocessing = 0;
		};
		904533EE2605308E00E62749 /* Sources */ = {
			isa = PBXSourcesBuildPhase;
			buildActionMask = 2147483647;
			files = (
				904533F72605308E00E62749 /* SportiveTests.swift in Sources */,
				905792C726132DF000BAC0A2 /* SportsListVCTests.swift in Sources */,
			);
			runOnlyForDeploymentPostprocessing = 0;
		};
		904533F92605308E00E62749 /* Sources */ = {
			isa = PBXSourcesBuildPhase;
			buildActionMask = 2147483647;
			files = (
				904534022605308E00E62749 /* SportiveUITests.swift in Sources */,
			);
			runOnlyForDeploymentPostprocessing = 0;
		};
/* End PBXSourcesBuildPhase section */

/* Begin PBXTargetDependency section */
		904533F42605308E00E62749 /* PBXTargetDependency */ = {
			isa = PBXTargetDependency;
			target = 904533D82605308C00E62749 /* Sportive */;
			targetProxy = 904533F32605308E00E62749 /* PBXContainerItemProxy */;
		};
		904533FF2605308E00E62749 /* PBXTargetDependency */ = {
			isa = PBXTargetDependency;
			target = 904533D82605308C00E62749 /* Sportive */;
			targetProxy = 904533FE2605308E00E62749 /* PBXContainerItemProxy */;
		};
/* End PBXTargetDependency section */

/* Begin PBXVariantGroup section */
		904533E22605308C00E62749 /* Main.storyboard */ = {
			isa = PBXVariantGroup;
			children = (
				904533E32605308C00E62749 /* Base */,
			);
			name = Main.storyboard;
			sourceTree = "<group>";
		};
		904533EA2605308D00E62749 /* LaunchScreen.storyboard */ = {
			isa = PBXVariantGroup;
			children = (
				904533EB2605308D00E62749 /* Base */,
			);
			name = LaunchScreen.storyboard;
			sourceTree = "<group>";
		};
/* End PBXVariantGroup section */

/* Begin XCBuildConfiguration section */
		904534042605308E00E62749 /* Debug */ = {
			isa = XCBuildConfiguration;
			buildSettings = {
				ALWAYS_SEARCH_USER_PATHS = NO;
				CLANG_ANALYZER_NONNULL = YES;
				CLANG_ANALYZER_NUMBER_OBJECT_CONVERSION = YES_AGGRESSIVE;
				CLANG_CXX_LANGUAGE_STANDARD = "gnu++14";
				CLANG_CXX_LIBRARY = "libc++";
				CLANG_ENABLE_MODULES = YES;
				CLANG_ENABLE_OBJC_ARC = YES;
				CLANG_ENABLE_OBJC_WEAK = YES;
				CLANG_WARN_BLOCK_CAPTURE_AUTORELEASING = YES;
				CLANG_WARN_BOOL_CONVERSION = YES;
				CLANG_WARN_COMMA = YES;
				CLANG_WARN_CONSTANT_CONVERSION = YES;
				CLANG_WARN_DEPRECATED_OBJC_IMPLEMENTATIONS = YES;
				CLANG_WARN_DIRECT_OBJC_ISA_USAGE = YES_ERROR;
				CLANG_WARN_DOCUMENTATION_COMMENTS = YES;
				CLANG_WARN_EMPTY_BODY = YES;
				CLANG_WARN_ENUM_CONVERSION = YES;
				CLANG_WARN_INFINITE_RECURSION = YES;
				CLANG_WARN_INT_CONVERSION = YES;
				CLANG_WARN_NON_LITERAL_NULL_CONVERSION = YES;
				CLANG_WARN_OBJC_IMPLICIT_RETAIN_SELF = YES;
				CLANG_WARN_OBJC_LITERAL_CONVERSION = YES;
				CLANG_WARN_OBJC_ROOT_CLASS = YES_ERROR;
				CLANG_WARN_QUOTED_INCLUDE_IN_FRAMEWORK_HEADER = YES;
				CLANG_WARN_RANGE_LOOP_ANALYSIS = YES;
				CLANG_WARN_STRICT_PROTOTYPES = YES;
				CLANG_WARN_SUSPICIOUS_MOVE = YES;
				CLANG_WARN_UNGUARDED_AVAILABILITY = YES_AGGRESSIVE;
				CLANG_WARN_UNREACHABLE_CODE = YES;
				CLANG_WARN__DUPLICATE_METHOD_MATCH = YES;
				COPY_PHASE_STRIP = NO;
				DEBUG_INFORMATION_FORMAT = dwarf;
				ENABLE_STRICT_OBJC_MSGSEND = YES;
				ENABLE_TESTABILITY = YES;
				GCC_C_LANGUAGE_STANDARD = gnu11;
				GCC_DYNAMIC_NO_PIC = NO;
				GCC_NO_COMMON_BLOCKS = YES;
				GCC_OPTIMIZATION_LEVEL = 0;
				GCC_PREPROCESSOR_DEFINITIONS = (
					"DEBUG=1",
					"$(inherited)",
				);
				GCC_WARN_64_TO_32_BIT_CONVERSION = YES;
				GCC_WARN_ABOUT_RETURN_TYPE = YES_ERROR;
				GCC_WARN_UNDECLARED_SELECTOR = YES;
				GCC_WARN_UNINITIALIZED_AUTOS = YES_AGGRESSIVE;
				GCC_WARN_UNUSED_FUNCTION = YES;
				GCC_WARN_UNUSED_VARIABLE = YES;
				IPHONEOS_DEPLOYMENT_TARGET = 14.4;
				MTL_ENABLE_DEBUG_INFO = INCLUDE_SOURCE;
				MTL_FAST_MATH = YES;
				ONLY_ACTIVE_ARCH = YES;
				SDKROOT = iphoneos;
				SWIFT_ACTIVE_COMPILATION_CONDITIONS = DEBUG;
				SWIFT_OPTIMIZATION_LEVEL = "-Onone";
			};
			name = Debug;
		};
		904534052605308E00E62749 /* Release */ = {
			isa = XCBuildConfiguration;
			buildSettings = {
				ALWAYS_SEARCH_USER_PATHS = NO;
				CLANG_ANALYZER_NONNULL = YES;
				CLANG_ANALYZER_NUMBER_OBJECT_CONVERSION = YES_AGGRESSIVE;
				CLANG_CXX_LANGUAGE_STANDARD = "gnu++14";
				CLANG_CXX_LIBRARY = "libc++";
				CLANG_ENABLE_MODULES = YES;
				CLANG_ENABLE_OBJC_ARC = YES;
				CLANG_ENABLE_OBJC_WEAK = YES;
				CLANG_WARN_BLOCK_CAPTURE_AUTORELEASING = YES;
				CLANG_WARN_BOOL_CONVERSION = YES;
				CLANG_WARN_COMMA = YES;
				CLANG_WARN_CONSTANT_CONVERSION = YES;
				CLANG_WARN_DEPRECATED_OBJC_IMPLEMENTATIONS = YES;
				CLANG_WARN_DIRECT_OBJC_ISA_USAGE = YES_ERROR;
				CLANG_WARN_DOCUMENTATION_COMMENTS = YES;
				CLANG_WARN_EMPTY_BODY = YES;
				CLANG_WARN_ENUM_CONVERSION = YES;
				CLANG_WARN_INFINITE_RECURSION = YES;
				CLANG_WARN_INT_CONVERSION = YES;
				CLANG_WARN_NON_LITERAL_NULL_CONVERSION = YES;
				CLANG_WARN_OBJC_IMPLICIT_RETAIN_SELF = YES;
				CLANG_WARN_OBJC_LITERAL_CONVERSION = YES;
				CLANG_WARN_OBJC_ROOT_CLASS = YES_ERROR;
				CLANG_WARN_QUOTED_INCLUDE_IN_FRAMEWORK_HEADER = YES;
				CLANG_WARN_RANGE_LOOP_ANALYSIS = YES;
				CLANG_WARN_STRICT_PROTOTYPES = YES;
				CLANG_WARN_SUSPICIOUS_MOVE = YES;
				CLANG_WARN_UNGUARDED_AVAILABILITY = YES_AGGRESSIVE;
				CLANG_WARN_UNREACHABLE_CODE = YES;
				CLANG_WARN__DUPLICATE_METHOD_MATCH = YES;
				COPY_PHASE_STRIP = NO;
				DEBUG_INFORMATION_FORMAT = "dwarf-with-dsym";
				ENABLE_NS_ASSERTIONS = NO;
				ENABLE_STRICT_OBJC_MSGSEND = YES;
				GCC_C_LANGUAGE_STANDARD = gnu11;
				GCC_NO_COMMON_BLOCKS = YES;
				GCC_WARN_64_TO_32_BIT_CONVERSION = YES;
				GCC_WARN_ABOUT_RETURN_TYPE = YES_ERROR;
				GCC_WARN_UNDECLARED_SELECTOR = YES;
				GCC_WARN_UNINITIALIZED_AUTOS = YES_AGGRESSIVE;
				GCC_WARN_UNUSED_FUNCTION = YES;
				GCC_WARN_UNUSED_VARIABLE = YES;
				IPHONEOS_DEPLOYMENT_TARGET = 14.4;
				MTL_ENABLE_DEBUG_INFO = NO;
				MTL_FAST_MATH = YES;
				SDKROOT = iphoneos;
				SWIFT_COMPILATION_MODE = wholemodule;
				SWIFT_OPTIMIZATION_LEVEL = "-O";
				VALIDATE_PRODUCT = YES;
			};
			name = Release;
		};
		904534072605308E00E62749 /* Debug */ = {
			isa = XCBuildConfiguration;
			baseConfigurationReference = BAF748C330C8052C24611E59 /* Pods-Sportive.debug.xcconfig */;
			buildSettings = {
				ASSETCATALOG_COMPILER_APPICON_NAME = AppIcon;
				ASSETCATALOG_COMPILER_GLOBAL_ACCENT_COLOR_NAME = AccentColor;
				CODE_SIGN_STYLE = Automatic;
				DEVELOPMENT_TEAM = D7494A9MU6;
				INFOPLIST_FILE = Sportive/Info.plist;
				LD_RUNPATH_SEARCH_PATHS = (
					"$(inherited)",
					"@executable_path/Frameworks",
				);
				PRODUCT_BUNDLE_IDENTIFIER = ITI.Sportive;
				PRODUCT_NAME = "$(TARGET_NAME)";
				SWIFT_VERSION = 5.0;
				TARGETED_DEVICE_FAMILY = "1,2";
			};
			name = Debug;
		};
		904534082605308E00E62749 /* Release */ = {
			isa = XCBuildConfiguration;
			baseConfigurationReference = 8864B02961DD837F314CD0C2 /* Pods-Sportive.release.xcconfig */;
			buildSettings = {
				ASSETCATALOG_COMPILER_APPICON_NAME = AppIcon;
				ASSETCATALOG_COMPILER_GLOBAL_ACCENT_COLOR_NAME = AccentColor;
				CODE_SIGN_STYLE = Automatic;
				DEVELOPMENT_TEAM = D7494A9MU6;
				INFOPLIST_FILE = Sportive/Info.plist;
				LD_RUNPATH_SEARCH_PATHS = (
					"$(inherited)",
					"@executable_path/Frameworks",
				);
				PRODUCT_BUNDLE_IDENTIFIER = ITI.Sportive;
				PRODUCT_NAME = "$(TARGET_NAME)";
				SWIFT_VERSION = 5.0;
				TARGETED_DEVICE_FAMILY = "1,2";
			};
			name = Release;
		};
		9045340A2605308E00E62749 /* Debug */ = {
			isa = XCBuildConfiguration;
			baseConfigurationReference = 9281648FF2A3338755AC71EE /* Pods-SportiveTests.debug.xcconfig */;
			buildSettings = {
				ALWAYS_EMBED_SWIFT_STANDARD_LIBRARIES = YES;
				BUNDLE_LOADER = "$(TEST_HOST)";
				CODE_SIGN_STYLE = Automatic;
				DEVELOPMENT_TEAM = D7494A9MU6;
				INFOPLIST_FILE = SportiveTests/Info.plist;
				IPHONEOS_DEPLOYMENT_TARGET = 14.4;
				LD_RUNPATH_SEARCH_PATHS = (
					"$(inherited)",
					"@executable_path/Frameworks",
					"@loader_path/Frameworks",
				);
				PRODUCT_BUNDLE_IDENTIFIER = ITI.SportiveTests;
				PRODUCT_NAME = "$(TARGET_NAME)";
				SWIFT_VERSION = 5.0;
				TARGETED_DEVICE_FAMILY = "1,2";
				TEST_HOST = "$(BUILT_PRODUCTS_DIR)/Sportive.app/Sportive";
			};
			name = Debug;
		};
		9045340B2605308E00E62749 /* Release */ = {
			isa = XCBuildConfiguration;
			baseConfigurationReference = 781058EA3BB3AC0861ADC210 /* Pods-SportiveTests.release.xcconfig */;
			buildSettings = {
				ALWAYS_EMBED_SWIFT_STANDARD_LIBRARIES = YES;
				BUNDLE_LOADER = "$(TEST_HOST)";
				CODE_SIGN_STYLE = Automatic;
				DEVELOPMENT_TEAM = D7494A9MU6;
				INFOPLIST_FILE = SportiveTests/Info.plist;
				IPHONEOS_DEPLOYMENT_TARGET = 14.4;
				LD_RUNPATH_SEARCH_PATHS = (
					"$(inherited)",
					"@executable_path/Frameworks",
					"@loader_path/Frameworks",
				);
				PRODUCT_BUNDLE_IDENTIFIER = ITI.SportiveTests;
				PRODUCT_NAME = "$(TARGET_NAME)";
				SWIFT_VERSION = 5.0;
				TARGETED_DEVICE_FAMILY = "1,2";
				TEST_HOST = "$(BUILT_PRODUCTS_DIR)/Sportive.app/Sportive";
			};
			name = Release;
		};
		9045340D2605308E00E62749 /* Debug */ = {
			isa = XCBuildConfiguration;
			baseConfigurationReference = D3216B87973BF592EDF79E16 /* Pods-Sportive-SportiveUITests.debug.xcconfig */;
			buildSettings = {
				ALWAYS_EMBED_SWIFT_STANDARD_LIBRARIES = YES;
				CODE_SIGN_STYLE = Automatic;
				DEVELOPMENT_TEAM = D7494A9MU6;
				INFOPLIST_FILE = SportiveUITests/Info.plist;
				LD_RUNPATH_SEARCH_PATHS = (
					"$(inherited)",
					"@executable_path/Frameworks",
					"@loader_path/Frameworks",
				);
				PRODUCT_BUNDLE_IDENTIFIER = ITI.SportiveUITests;
				PRODUCT_NAME = "$(TARGET_NAME)";
				SWIFT_VERSION = 5.0;
				TARGETED_DEVICE_FAMILY = "1,2";
				TEST_TARGET_NAME = Sportive;
			};
			name = Debug;
		};
		9045340E2605308E00E62749 /* Release */ = {
			isa = XCBuildConfiguration;
			baseConfigurationReference = F00D1278261312925B88210E /* Pods-Sportive-SportiveUITests.release.xcconfig */;
			buildSettings = {
				ALWAYS_EMBED_SWIFT_STANDARD_LIBRARIES = YES;
				CODE_SIGN_STYLE = Automatic;
				DEVELOPMENT_TEAM = D7494A9MU6;
				INFOPLIST_FILE = SportiveUITests/Info.plist;
				LD_RUNPATH_SEARCH_PATHS = (
					"$(inherited)",
					"@executable_path/Frameworks",
					"@loader_path/Frameworks",
				);
				PRODUCT_BUNDLE_IDENTIFIER = ITI.SportiveUITests;
				PRODUCT_NAME = "$(TARGET_NAME)";
				SWIFT_VERSION = 5.0;
				TARGETED_DEVICE_FAMILY = "1,2";
				TEST_TARGET_NAME = Sportive;
			};
			name = Release;
		};
/* End XCBuildConfiguration section */

/* Begin XCConfigurationList section */
		904533D42605308C00E62749 /* Build configuration list for PBXProject "Sportive" */ = {
			isa = XCConfigurationList;
			buildConfigurations = (
				904534042605308E00E62749 /* Debug */,
				904534052605308E00E62749 /* Release */,
			);
			defaultConfigurationIsVisible = 0;
			defaultConfigurationName = Release;
		};
		904534062605308E00E62749 /* Build configuration list for PBXNativeTarget "Sportive" */ = {
			isa = XCConfigurationList;
			buildConfigurations = (
				904534072605308E00E62749 /* Debug */,
				904534082605308E00E62749 /* Release */,
			);
			defaultConfigurationIsVisible = 0;
			defaultConfigurationName = Release;
		};
		904534092605308E00E62749 /* Build configuration list for PBXNativeTarget "SportiveTests" */ = {
			isa = XCConfigurationList;
			buildConfigurations = (
				9045340A2605308E00E62749 /* Debug */,
				9045340B2605308E00E62749 /* Release */,
			);
			defaultConfigurationIsVisible = 0;
			defaultConfigurationName = Release;
		};
		9045340C2605308E00E62749 /* Build configuration list for PBXNativeTarget "SportiveUITests" */ = {
			isa = XCConfigurationList;
			buildConfigurations = (
				9045340D2605308E00E62749 /* Debug */,
				9045340E2605308E00E62749 /* Release */,
			);
			defaultConfigurationIsVisible = 0;
			defaultConfigurationName = Release;
		};
/* End XCConfigurationList section */

/* Begin XCVersionGroup section */
		904533E52605308C00E62749 /* Sportive.xcdatamodeld */ = {
			isa = XCVersionGroup;
			children = (
				904533E62605308C00E62749 /* Sportive.xcdatamodel */,
			);
			currentVersion = 904533E62605308C00E62749 /* Sportive.xcdatamodel */;
			path = Sportive.xcdatamodeld;
			sourceTree = "<group>";
			versionGroupType = wrapper.xcdatamodel;
		};
/* End XCVersionGroup section */
	};
	rootObject = 904533D12605308C00E62749 /* Project object */;
}
